
Microsoft Visual Studio Solution File, Format Version 12.00
# Visual Studio Version 17
VisualStudioVersion = 17.7.34221.43
MinimumVisualStudioVersion = 10.0.40219.1
Project("{FAE04EC0-301F-11D3-BF4B-00C04F79EFBC}") = "Api.ADAproductosComun.Comun", "Api.ADAproductosComun.Comun\Api.ADAproductosComun.Comun.csproj", "{34EA260D-030B-4B02-8F75-27D5AA04E237}"
EndProject
Global
	GlobalSection(SolutionConfigurationPlatforms) = preSolution
		Debug|Any CPU = Debug|Any CPU
		Release|Any CPU = Release|Any CPU
	EndGlobalSection
	GlobalSection(ProjectConfigurationPlatforms) = postSolution
		{34EA260D-030B-4B02-8F75-27D5AA04E237}.Debug|Any CPU.ActiveCfg = Debug|Any CPU
		{34EA260D-030B-4B02-8F75-27D5AA04E237}.Debug|Any CPU.Build.0 = Debug|Any CPU
		{34EA260D-030B-4B02-8F75-27D5AA04E237}.Release|Any CPU.ActiveCfg = Release|Any CPU
		{34EA260D-030B-4B02-8F75-27D5AA04E237}.Release|Any CPU.Build.0 = Release|Any CPU
	EndGlobalSection
	GlobalSection(SolutionProperties) = preSolution
		HideSolutionNode = FALSE
	EndGlobalSection
	GlobalSection(ExtensibilityGlobals) = postSolution
		SolutionGuid = {17BD5461-4B61-449B-B265-494E439074B9}
	EndGlobalSection
EndGlobal
